// !$*UTF8*$!
{
	archiveVersion = 1;
	classes = {
	};
	objectVersion = 50;
	objects = {

/* Begin PBXBuildFile section */
		528F62B52326F3E900B7CBDF /* AppDelegate.swift in Sources */ = {isa = PBXBuildFile; fileRef = 528F62B42326F3E900B7CBDF /* AppDelegate.swift */; };
		528F62B72326F3E900B7CBDF /* SceneDelegate.swift in Sources */ = {isa = PBXBuildFile; fileRef = 528F62B62326F3E900B7CBDF /* SceneDelegate.swift */; };
		528F62B92326F3E900B7CBDF /* ContentView.swift in Sources */ = {isa = PBXBuildFile; fileRef = 528F62B82326F3E900B7CBDF /* ContentView.swift */; };
		528F62BB2326F3EC00B7CBDF /* Assets.xcassets in Resources */ = {isa = PBXBuildFile; fileRef = 528F62BA2326F3EC00B7CBDF /* Assets.xcassets */; };
		528F62BE2326F3EC00B7CBDF /* Preview Assets.xcassets in Resources */ = {isa = PBXBuildFile; fileRef = 528F62BD2326F3EC00B7CBDF /* Preview Assets.xcassets */; };
		528F62C12326F3EC00B7CBDF /* LaunchScreen.storyboard in Resources */ = {isa = PBXBuildFile; fileRef = 528F62BF2326F3EC00B7CBDF /* LaunchScreen.storyboard */; };
/* End PBXBuildFile section */

/* Begin PBXFileReference section */
		528F62B12326F3E900B7CBDF /* Sematic Colors.app */ = {isa = PBXFileReference; explicitFileType = wrapper.application; includeInIndex = 0; path = "Sematic Colors.app"; sourceTree = BUILT_PRODUCTS_DIR; };
		528F62B42326F3E900B7CBDF /* AppDelegate.swift */ = {isa = PBXFileReference; lastKnownFileType = sourcecode.swift; path = AppDelegate.swift; sourceTree = "<group>"; };
		528F62B62326F3E900B7CBDF /* SceneDelegate.swift */ = {isa = PBXFileReference; lastKnownFileType = sourcecode.swift; path = SceneDelegate.swift; sourceTree = "<group>"; };
		528F62B82326F3E900B7CBDF /* ContentView.swift */ = {isa = PBXFileReference; lastKnownFileType = sourcecode.swift; path = ContentView.swift; sourceTree = "<group>"; };
		528F62BA2326F3EC00B7CBDF /* Assets.xcassets */ = {isa = PBXFileReference; lastKnownFileType = folder.assetcatalog; path = Assets.xcassets; sourceTree = "<group>"; };
		528F62BD2326F3EC00B7CBDF /* Preview Assets.xcassets */ = {isa = PBXFileReference; lastKnownFileType = folder.assetcatalog; path = "Preview Assets.xcassets"; sourceTree = "<group>"; };
		528F62C02326F3EC00B7CBDF /* Base */ = {isa = PBXFileReference; lastKnownFileType = file.storyboard; name = Base; path = Base.lproj/LaunchScreen.storyboard; sourceTree = "<group>"; };
		528F62C22326F3EC00B7CBDF /* Info.plist */ = {isa = PBXFileReference; lastKnownFileType = text.plist.xml; path = Info.plist; sourceTree = "<group>"; };
/* End PBXFileReference section */

/* Begin PBXFrameworksBuildPhase section */
		528F62AE2326F3E900B7CBDF /* Frameworks */ = {
			isa = PBXFrameworksBuildPhase;
			buildActionMask = 2147483647;
			files = (
			);
			runOnlyForDeploymentPostprocessing = 0;
		};
/* End PBXFrameworksBuildPhase section */

/* Begin PBXGroup section */
		528F62A82326F3E900B7CBDF = {
			isa = PBXGroup;
			children = (
				528F62B32326F3E900B7CBDF /* Sematic Colors */,
				528F62B22326F3E900B7CBDF /* Products */,
			);
			sourceTree = "<group>";
		};
		528F62B22326F3E900B7CBDF /* Products */ = {
			isa = PBXGroup;
			children = (
				528F62B12326F3E900B7CBDF /* Sematic Colors.app */,
			);
			name = Products;
			sourceTree = "<group>";
		};
		528F62B32326F3E900B7CBDF /* Sematic Colors */ = {
			isa = PBXGroup;
			children = (
				528F62B42326F3E900B7CBDF /* AppDelegate.swift */,
				528F62B62326F3E900B7CBDF /* SceneDelegate.swift */,
				528F62B82326F3E900B7CBDF /* ContentView.swift */,
				528F62BA2326F3EC00B7CBDF /* Assets.xcassets */,
				528F62BF2326F3EC00B7CBDF /* LaunchScreen.storyboard */,
				528F62C22326F3EC00B7CBDF /* Info.plist */,
				528F62BC2326F3EC00B7CBDF /* Preview Content */,
			);
			path = "Sematic Colors";
			sourceTree = "<group>";
		};
		528F62BC2326F3EC00B7CBDF /* Preview Content */ = {
			isa = PBXGroup;
			children = (
				528F62BD2326F3EC00B7CBDF /* Preview Assets.xcassets */,
			);
			path = "Preview Content";
			sourceTree = "<group>";
		};
/* End PBXGroup section */

/* Begin PBXNativeTarget section */
		528F62B02326F3E900B7CBDF /* Sematic Colors */ = {
			isa = PBXNativeTarget;
			buildConfigurationList = 528F62C52326F3EC00B7CBDF /* Build configuration list for PBXNativeTarget "Sematic Colors" */;
			buildPhases = (
				528F62AD2326F3E900B7CBDF /* Sources */,
				528F62AE2326F3E900B7CBDF /* Frameworks */,
				528F62AF2326F3E900B7CBDF /* Resources */,
			);
			buildRules = (
			);
			dependencies = (
			);
			name = "Sematic Colors";
			productName = "Sematic Colors";
			productReference = 528F62B12326F3E900B7CBDF /* Sematic Colors.app */;
			productType = "com.apple.product-type.application";
		};
/* End PBXNativeTarget section */

/* Begin PBXProject section */
		528F62A92326F3E900B7CBDF /* Project object */ = {
			isa = PBXProject;
			attributes = {
				LastSwiftUpdateCheck = 1100;
				LastUpgradeCheck = 1100;
				ORGANIZATIONNAME = "Brian Chevalier";
				TargetAttributes = {
					528F62B02326F3E900B7CBDF = {
						CreatedOnToolsVersion = 11.0;
					};
				};
			};
			buildConfigurationList = 528F62AC2326F3E900B7CBDF /* Build configuration list for PBXProject "Sematic Colors" */;
			compatibilityVersion = "Xcode 9.3";
			developmentRegion = en;
			hasScannedForEncodings = 0;
			knownRegions = (
				en,
				Base,
			);
			mainGroup = 528F62A82326F3E900B7CBDF;
			productRefGroup = 528F62B22326F3E900B7CBDF /* Products */;
			projectDirPath = "";
			projectRoot = "";
			targets = (
				528F62B02326F3E900B7CBDF /* Sematic Colors */,
			);
		};
/* End PBXProject section */

/* Begin PBXResourcesBuildPhase section */
		528F62AF2326F3E900B7CBDF /* Resources */ = {
			isa = PBXResourcesBuildPhase;
			buildActionMask = 2147483647;
			files = (
				528F62C12326F3EC00B7CBDF /* LaunchScreen.storyboard in Resources */,
				528F62BE2326F3EC00B7CBDF /* Preview Assets.xcassets in Resources */,
				528F62BB2326F3EC00B7CBDF /* Assets.xcassets in Resources */,
			);
			runOnlyForDeploymentPostprocessing = 0;
		};
/* End PBXResourcesBuildPhase section */

/* Begin PBXSourcesBuildPhase section */
		528F62AD2326F3E900B7CBDF /* Sources */ = {
			isa = PBXSourcesBuildPhase;
			buildActionMask = 2147483647;
			files = (
				528F62B52326F3E900B7CBDF /* AppDelegate.swift in Sources */,
				528F62B72326F3E900B7CBDF /* SceneDelegate.swift in Sources */,
				528F62B92326F3E900B7CBDF /* ContentView.swift in Sources */,
			);
			runOnlyForDeploymentPostprocessing = 0;
		};
/* End PBXSourcesBuildPhase section */

/* Begin PBXVariantGroup section */
		528F62BF2326F3EC00B7CBDF /* LaunchScreen.storyboard */ = {
			isa = PBXVariantGroup;
			children = (
				528F62C02326F3EC00B7CBDF /* Base */,
			);
			name = LaunchScreen.storyboard;
			sourceTree = "<group>";
		};
/* End PBXVariantGroup section */

/* Begin XCBuildConfiguration section */
		528F62C32326F3EC00B7CBDF /* Debug */ = {
			isa = XCBuildConfiguration;
			buildSettings = {
				ALWAYS_SEARCH_USER_PATHS = NO;
				CLANG_ANALYZER_NONNULL = YES;
				CLANG_ANALYZER_NUMBER_OBJECT_CONVERSION = YES_AGGRESSIVE;
				CLANG_CXX_LANGUAGE_STANDARD = "gnu++14";
				CLANG_CXX_LIBRARY = "libc++";
				CLANG_ENABLE_MODULES = YES;
				CLANG_ENABLE_OBJC_ARC = YES;
				CLANG_ENABLE_OBJC_WEAK = YES;
				CLANG_WARN_BLOCK_CAPTURE_AUTORELEASING = YES;
				CLANG_WARN_BOOL_CONVERSION = YES;
				CLANG_WARN_COMMA = YES;
				CLANG_WARN_CONSTANT_CONVERSION = YES;
				CLANG_WARN_DEPRECATED_OBJC_IMPLEMENTATIONS = YES;
				CLANG_WARN_DIRECT_OBJC_ISA_USAGE = YES_ERROR;
				CLANG_WARN_DOCUMENTATION_COMMENTS = YES;
				CLANG_WARN_EMPTY_BODY = YES;
				CLANG_WARN_ENUM_CONVERSION = YES;
				CLANG_WARN_INFINITE_RECURSION = YES;
				CLANG_WARN_INT_CONVERSION = YES;
				CLANG_WARN_NON_LITERAL_NULL_CONVERSION = YES;
				CLANG_WARN_OBJC_IMPLICIT_RETAIN_SELF = YES;
				CLANG_WARN_OBJC_LITERAL_CONVERSION = YES;
				CLANG_WARN_OBJC_ROOT_CLASS = YES_ERROR;
				CLANG_WARN_RANGE_LOOP_ANALYSIS = YES;
				CLANG_WARN_STRICT_PROTOTYPES = YES;
				CLANG_WARN_SUSPICIOUS_MOVE = YES;
				CLANG_WARN_UNGUARDED_AVAILABILITY = YES_AGGRESSIVE;
				CLANG_WARN_UNREACHABLE_CODE = YES;
				CLANG_WARN__DUPLICATE_METHOD_MATCH = YES;
				COPY_PHASE_STRIP = NO;
				DEBUG_INFORMATION_FORMAT = dwarf;
				ENABLE_STRICT_OBJC_MSGSEND = YES;
				ENABLE_TESTABILITY = YES;
				GCC_C_LANGUAGE_STANDARD = gnu11;
				GCC_DYNAMIC_NO_PIC = NO;
				GCC_NO_COMMON_BLOCKS = YES;
				GCC_OPTIMIZATION_LEVEL = 0;
				GCC_PREPROCESSOR_DEFINITIONS = (
					"DEBUG=1",
					"$(inherited)",
				);
				GCC_WARN_64_TO_32_BIT_CONVERSION = YES;
				GCC_WARN_ABOUT_RETURN_TYPE = YES_ERROR;
				GCC_WARN_UNDECLARED_SELECTOR = YES;
				GCC_WARN_UNINITIALIZED_AUTOS = YES_AGGRESSIVE;
				GCC_WARN_UNUSED_FUNCTION = YES;
				GCC_WARN_UNUSED_VARIABLE = YES;
				IPHONEOS_DEPLOYMENT_TARGET = 13.0;
				MTL_ENABLE_DEBUG_INFO = INCLUDE_SOURCE;
				MTL_FAST_MATH = YES;
				ONLY_ACTIVE_ARCH = YES;
				SDKROOT = iphoneos;
				SWIFT_ACTIVE_COMPILATION_CONDITIONS = DEBUG;
				SWIFT_OPTIMIZATION_LEVEL = "-Onone";
			};
			name = Debug;
		};
		528F62C42326F3EC00B7CBDF /* Release */ = {
			isa = XCBuildConfiguration;
			buildSettings = {
				ALWAYS_SEARCH_USER_PATHS = NO;
				CLANG_ANALYZER_NONNULL = YES;
				CLANG_ANALYZER_NUMBER_OBJECT_CONVERSION = YES_AGGRESSIVE;
				CLANG_CXX_LANGUAGE_STANDARD = "gnu++14";
				CLANG_CXX_LIBRARY = "libc++";
				CLANG_ENABLE_MODULES = YES;
				CLANG_ENABLE_OBJC_ARC = YES;
				CLANG_ENABLE_OBJC_WEAK = YES;
				CLANG_WARN_BLOCK_CAPTURE_AUTORELEASING = YES;
				CLANG_WARN_BOOL_CONVERSION = YES;
				CLANG_WARN_COMMA = YES;
				CLANG_WARN_CONSTANT_CONVERSION = YES;
				CLANG_WARN_DEPRECATED_OBJC_IMPLEMENTATIONS = YES;
				CLANG_WARN_DIRECT_OBJC_ISA_USAGE = YES_ERROR;
				CLANG_WARN_DOCUMENTATION_COMMENTS = YES;
				CLANG_WARN_EMPTY_BODY = YES;
				CLANG_WARN_ENUM_CONVERSION = YES;
				CLANG_WARN_INFINITE_RECURSION = YES;
				CLANG_WARN_INT_CONVERSION = YES;
				CLANG_WARN_NON_LITERAL_NULL_CONVERSION = YES;
				CLANG_WARN_OBJC_IMPLICIT_RETAIN_SELF = YES;
				CLANG_WARN_OBJC_LITERAL_CONVERSION = YES;
				CLANG_WARN_OBJC_ROOT_CLASS = YES_ERROR;
				CLANG_WARN_RANGE_LOOP_ANALYSIS = YES;
				CLANG_WARN_STRICT_PROTOTYPES = YES;
				CLANG_WARN_SUSPICIOUS_MOVE = YES;
				CLANG_WARN_UNGUARDED_AVAILABILITY = YES_AGGRESSIVE;
				CLANG_WARN_UNREACHABLE_CODE = YES;
				CLANG_WARN__DUPLICATE_METHOD_MATCH = YES;
				COPY_PHASE_STRIP = NO;
				DEBUG_INFORMATION_FORMAT = "dwarf-with-dsym";
				ENABLE_NS_ASSERTIONS = NO;
				ENABLE_STRICT_OBJC_MSGSEND = YES;
				GCC_C_LANGUAGE_STANDARD = gnu11;
				GCC_NO_COMMON_BLOCKS = YES;
				GCC_WARN_64_TO_32_BIT_CONVERSION = YES;
				GCC_WARN_ABOUT_RETURN_TYPE = YES_ERROR;
				GCC_WARN_UNDECLARED_SELECTOR = YES;
				GCC_WARN_UNINITIALIZED_AUTOS = YES_AGGRESSIVE;
				GCC_WARN_UNUSED_FUNCTION = YES;
				GCC_WARN_UNUSED_VARIABLE = YES;
				IPHONEOS_DEPLOYMENT_TARGET = 13.0;
				MTL_ENABLE_DEBUG_INFO = NO;
				MTL_FAST_MATH = YES;
				SDKROOT = iphoneos;
				SWIFT_COMPILATION_MODE = wholemodule;
				SWIFT_OPTIMIZATION_LEVEL = "-O";
				VALIDATE_PRODUCT = YES;
			};
			name = Release;
		};
		528F62C62326F3EC00B7CBDF /* Debug */ = {
			isa = XCBuildConfiguration;
			buildSettings = {
				ASSETCATALOG_COMPILER_APPICON_NAME = AppIcon;
				CODE_SIGN_STYLE = Automatic;
				DEVELOPMENT_ASSET_PATHS = "\"Sematic Colors/Preview Content\"";
				DEVELOPMENT_TEAM = KUDH56487N;
				ENABLE_PREVIEWS = YES;
				INFOPLIST_FILE = "Sematic Colors/Info.plist";
				LD_RUNPATH_SEARCH_PATHS = (
					"$(inherited)",
					"@executable_path/Frameworks",
				);
				PRODUCT_BUNDLE_IDENTIFIER = "gitMechanics.Sematic-Colors";
				PRODUCT_NAME = "$(TARGET_NAME)";
				SWIFT_VERSION = 5.0;
				TARGETED_DEVICE_FAMILY = "1,2";
			};
			name = Debug;
		};
		528F62C72326F3EC00B7CBDF /* Release */ = {
			isa = XCBuildConfiguration;
			buildSettings = {
				ASSETCATALOG_COMPILER_APPICON_NAME = AppIcon;
				CODE_SIGN_STYLE = Automatic;
				DEVELOPMENT_ASSET_PATHS = "\"Sematic Colors/Preview Content\"";
				DEVELOPMENT_TEAM = KUDH56487N;
				ENABLE_PREVIEWS = YES;
				INFOPLIST_FILE = "Sematic Colors/Info.plist";
				LD_RUNPATH_SEARCH_PATHS = (
					"$(inherited)",
					"@executable_path/Frameworks",
				);
				PRODUCT_BUNDLE_IDENTIFIER = "gitMechanics.Sematic-Colors";
				PRODUCT_NAME = "$(TARGET_NAME)";
				SWIFT_VERSION = 5.0;
				TARGETED_DEVICE_FAMILY = "1,2";
			};
			name = Release;
		};
/* End XCBuildConfiguration section */

/* Begin XCConfigurationList section */
		528F62AC2326F3E900B7CBDF /* Build configuration list for PBXProject "Sematic Colors" */ = {
			isa = XCConfigurationList;
			buildConfigurations = (
				528F62C32326F3EC00B7CBDF /* Debug */,
				528F62C42326F3EC00B7CBDF /* Release */,
			);
			defaultConfigurationIsVisible = 0;
			defaultConfigurationName = Release;
		};
		528F62C52326F3EC00B7CBDF /* Build configuration list for PBXNativeTarget "Sematic Colors" */ = {
			isa = XCConfigurationList;
			buildConfigurations = (
				528F62C62326F3EC00B7CBDF /* Debug */,
				528F62C72326F3EC00B7CBDF /* Release */,
			);
			defaultConfigurationIsVisible = 0;
			defaultConfigurationName = Release;
		};
/* End XCConfigurationList section */
	};
	rootObject = 528F62A92326F3E900B7CBDF /* Project object */;
}
